PODS:
  - iOSSnapshotTestCase (6.1.0):
    - iOSSnapshotTestCase/SwiftSupport (= 6.1.0)
  - iOSSnapshotTestCase/Core (6.1.0)
  - iOSSnapshotTestCase/SwiftSupport (6.1.0):
    - iOSSnapshotTestCase/Core

DEPENDENCIES:
  - iOSSnapshotTestCase (from `..`)

EXTERNAL SOURCES:
  iOSSnapshotTestCase:
    :path: ".."

SPEC CHECKSUMS:
  iOSSnapshotTestCase: de1e49be9e60425fb0c3c70949c600f49c0d19c2

PODFILE CHECKSUM: 7497b446d0ae369712f3801ef5b32886254e66ef

COCOAPODS: 1.7.3
