PODS:
  - iOSSnapshotTestCase (2.2.0):
    - iOSSnapshotTestCase/SwiftSupport (= 2.2.0)
  - iOSSnapshotTestCase/Core (2.2.0)
  - iOSSnapshotTestCase/SwiftSupport (2.2.0):
    - iOSSnapshotTestCase/Core

DEPENDENCIES:
  - iOSSnapshotTestCase (from `..`)

EXTERNAL SOURCES:
  iOSSnapshotTestCase:
    :path: ..

SPEC CHECKSUMS:
  iOSSnapshotTestCase: 810eb3afdec51713b6d436810b23949ba626f393

PODFILE CHECKSUM: 23fc15db0c3233d57acaa5dbafbc9f5f89f2f477

COCOAPODS: 1.3.1
