PODS:
  - iOSSnapshotTestCase (2.2.0):
    - iOSSnapshotTestCase/SwiftSupport (= 2.2.0)
  - iOSSnapshotTestCase/Core (2.2.0)
  - iOSSnapshotTestCase/SwiftSupport (2.2.0):
    - iOSSnapshotTestCase/Core

DEPENDENCIES:
  - iOSSnapshotTestCase (from `..`)

EXTERNAL SOURCES:
  iOSSnapshotTestCase:
    :path: ..

SPEC CHECKSUMS:
  iOSSnapshotTestCase: 40cf5eac22772854bf6006f6173517d3b7e8b865

PODFILE CHECKSUM: f7c02939e680d02f0dc6d6ca206b0e331905837a

COCOAPODS: 1.3.1
