PODS:
  - iOSSnapshotTestCase (8.0.0):
    - iOSSnapshotTestCase/SwiftSupport (= 8.0.0)
  - iOSSnapshotTestCase/Core (8.0.0)
  - iOSSnapshotTestCase/SwiftSupport (8.0.0):
    - iOSSnapshotTestCase/Core

DEPENDENCIES:
  - iOSSnapshotTestCase (from `../..`)

EXTERNAL SOURCES:
  iOSSnapshotTestCase:
    :path: "../.."

SPEC CHECKSUMS:
  iOSSnapshotTestCase: a670511f9ee3829c2b9c23e6e68f315fd7b6790f

PODFILE CHECKSUM: 6f2be7d7d46e065f7346db59c3950c6775795f35

COCOAPODS: 1.11.2
