PODS:
  - iOSSnapshotTestCase (7.0.0):
    - iOSSnapshotTestCase/SwiftSupport (= 7.0.0)
  - iOSSnapshotTestCase/Core (7.0.0)
  - iOSSnapshotTestCase/SwiftSupport (7.0.0):
    - iOSSnapshotTestCase/Core

DEPENDENCIES:
  - iOSSnapshotTestCase (from `..`)

EXTERNAL SOURCES:
  iOSSnapshotTestCase:
    :path: ".."

SPEC CHECKSUMS:
  iOSSnapshotTestCase: fea60fd99da3b57d7bcd5a20531755c82b76359e

PODFILE CHECKSUM: fbb7d596ed79771148d8ba7593d4cf7f99855e88

COCOAPODS: 1.11.2
