{
  "object": {
    "pins": [
      {
        "package": "FBSnapshotTestCase",
        "repositoryURL": "https://github.com/uber/ios-snapshot-test-case",
        "state": {
          "branch": "main",
          "revision": "07c37dc09914c305a72b1412afa6cffb67483626",
          "version": null
        }
      }
    ]
  },
  "version": 1
}
