PODS:
  - iOSSnapshotTestCase (2.2.0):
    - iOSSnapshotTestCase/SwiftSupport (= 2.2.0)
  - iOSSnapshotTestCase/Core (2.2.0)
  - iOSSnapshotTestCase/SwiftSupport (2.2.0):
    - iOSSnapshotTestCase/Core

DEPENDENCIES:
  - iOSSnapshotTestCase (from `..`)

EXTERNAL SOURCES:
  iOSSnapshotTestCase:
    :path: ..

SPEC CHECKSUMS:
  iOSSnapshotTestCase: ae0db7888a01d6230f87d1be98e61adb38281b73

PODFILE CHECKSUM: 409afee1fc06d38becc828e36ac8708a6eb7057c

COCOAPODS: 1.4.0
