PODS:
  - iOSSnapshotTestCase (6.2.1):
    - iOSSnapshotTestCase/SwiftSupport (= 6.2.1)
  - iOSSnapshotTestCase/Core (6.2.1)
  - iOSSnapshotTestCase/SwiftSupport (6.2.1):
    - iOSSnapshotTestCase/Core

DEPENDENCIES:
  - iOSSnapshotTestCase (from `../..`)

EXTERNAL SOURCES:
  iOSSnapshotTestCase:
    :path: "../.."

SPEC CHECKSUMS:
  iOSSnapshotTestCase: d00c3c16b8d135d6762c59e3f0aba3c2bd982e49

PODFILE CHECKSUM: 7351fd9db83b4caca5b325e09ee85c85c2c6aac3

COCOAPODS: 1.8.4
